
Microsoft Visual Studio Solution File, Format Version 12.00
# Visual Studio Version 16
VisualStudioVersion = 16.0.808.0
MinimumVisualStudioVersion = 10.0.40219.1
Project("{FAE04EC0-301F-11D3-BF4B-00C04F79EFBC}") = "TeslaRemote.Android", "TeslaRemote.Android\TeslaRemote.Android.csproj", "{911DAACA-B5C0-4D67-BBFF-FDBFCDAEE4F1}"
EndProject
Project("{FAE04EC0-301F-11D3-BF4B-00C04F79EFBC}") = "TeslaRemote.iOS", "TeslaRemote.iOS\TeslaRemote.iOS.csproj", "{09A82A52-B3E5-43ED-B244-D68856167A53}"
EndProject
Project("{FAE04EC0-301F-11D3-BF4B-00C04F79EFBC}") = "TeslaRemote", "TeslaRemote\TeslaRemote.csproj", "{B0C0E2CF-7075-434C-B420-D30F82E68395}"
EndProject
Global
	GlobalSection(SolutionConfigurationPlatforms) = preSolution
		Debug|Any CPU = Debug|Any CPU
		Release|Any CPU = Release|Any CPU
		Debug|iPhoneSimulator = Debug|iPhoneSimulator
		Release|iPhoneSimulator = Release|iPhoneSimulator
		Debug|iPhone = Debug|iPhone
		Release|iPhone = Release|iPhone
	EndGlobalSection
	GlobalSection(ProjectConfigurationPlatforms) = postSolution
		{911DAACA-B5C0-4D67-BBFF-FDBFCDAEE4F1}.Debug|Any CPU.ActiveCfg = Debug|Any CPU
		{911DAACA-B5C0-4D67-BBFF-FDBFCDAEE4F1}.Debug|Any CPU.Build.0 = Debug|Any CPU
		{911DAACA-B5C0-4D67-BBFF-FDBFCDAEE4F1}.Release|Any CPU.ActiveCfg = Release|Any CPU
		{911DAACA-B5C0-4D67-BBFF-FDBFCDAEE4F1}.Release|Any CPU.Build.0 = Release|Any CPU
		{911DAACA-B5C0-4D67-BBFF-FDBFCDAEE4F1}.Debug|iPhoneSimulator.ActiveCfg = Debug|Any CPU
		{911DAACA-B5C0-4D67-BBFF-FDBFCDAEE4F1}.Debug|iPhoneSimulator.Build.0 = Debug|Any CPU
		{911DAACA-B5C0-4D67-BBFF-FDBFCDAEE4F1}.Release|iPhoneSimulator.ActiveCfg = Release|Any CPU
		{911DAACA-B5C0-4D67-BBFF-FDBFCDAEE4F1}.Release|iPhoneSimulator.Build.0 = Release|Any CPU
		{911DAACA-B5C0-4D67-BBFF-FDBFCDAEE4F1}.Debug|iPhone.ActiveCfg = Debug|Any CPU
		{911DAACA-B5C0-4D67-BBFF-FDBFCDAEE4F1}.Debug|iPhone.Build.0 = Debug|Any CPU
		{911DAACA-B5C0-4D67-BBFF-FDBFCDAEE4F1}.Release|iPhone.ActiveCfg = Release|Any CPU
		{911DAACA-B5C0-4D67-BBFF-FDBFCDAEE4F1}.Release|iPhone.Build.0 = Release|Any CPU
		{09A82A52-B3E5-43ED-B244-D68856167A53}.Debug|Any CPU.ActiveCfg = Debug|iPhoneSimulator
		{09A82A52-B3E5-43ED-B244-D68856167A53}.Debug|Any CPU.Build.0 = Debug|iPhoneSimulator
		{09A82A52-B3E5-43ED-B244-D68856167A53}.Release|Any CPU.ActiveCfg = Release|iPhoneSimulator
		{09A82A52-B3E5-43ED-B244-D68856167A53}.Release|Any CPU.Build.0 = Release|iPhoneSimulator
		{09A82A52-B3E5-43ED-B244-D68856167A53}.Debug|iPhoneSimulator.ActiveCfg = Debug|iPhoneSimulator
		{09A82A52-B3E5-43ED-B244-D68856167A53}.Debug|iPhoneSimulator.Build.0 = Debug|iPhoneSimulator
		{09A82A52-B3E5-43ED-B244-D68856167A53}.Release|iPhoneSimulator.ActiveCfg = Release|iPhoneSimulator
		{09A82A52-B3E5-43ED-B244-D68856167A53}.Release|iPhoneSimulator.Build.0 = Release|iPhoneSimulator
		{09A82A52-B3E5-43ED-B244-D68856167A53}.Debug|iPhone.ActiveCfg = Debug|iPhone
		{09A82A52-B3E5-43ED-B244-D68856167A53}.Debug|iPhone.Build.0 = Debug|iPhone
		{09A82A52-B3E5-43ED-B244-D68856167A53}.Release|iPhone.ActiveCfg = Release|iPhone
		{09A82A52-B3E5-43ED-B244-D68856167A53}.Release|iPhone.Build.0 = Release|iPhone
		{B0C0E2CF-7075-434C-B420-D30F82E68395}.Debug|Any CPU.ActiveCfg = Debug|Any CPU
		{B0C0E2CF-7075-434C-B420-D30F82E68395}.Debug|Any CPU.Build.0 = Debug|Any CPU
		{B0C0E2CF-7075-434C-B420-D30F82E68395}.Release|Any CPU.ActiveCfg = Release|Any CPU
		{B0C0E2CF-7075-434C-B420-D30F82E68395}.Release|Any CPU.Build.0 = Release|Any CPU
		{B0C0E2CF-7075-434C-B420-D30F82E68395}.Debug|iPhoneSimulator.ActiveCfg = Debug|Any CPU
		{B0C0E2CF-7075-434C-B420-D30F82E68395}.Debug|iPhoneSimulator.Build.0 = Debug|Any CPU
		{B0C0E2CF-7075-434C-B420-D30F82E68395}.Release|iPhoneSimulator.ActiveCfg = Release|Any CPU
		{B0C0E2CF-7075-434C-B420-D30F82E68395}.Release|iPhoneSimulator.Build.0 = Release|Any CPU
		{B0C0E2CF-7075-434C-B420-D30F82E68395}.Debug|iPhone.ActiveCfg = Debug|Any CPU
		{B0C0E2CF-7075-434C-B420-D30F82E68395}.Debug|iPhone.Build.0 = Debug|Any CPU
		{B0C0E2CF-7075-434C-B420-D30F82E68395}.Release|iPhone.ActiveCfg = Release|Any CPU
		{B0C0E2CF-7075-434C-B420-D30F82E68395}.Release|iPhone.Build.0 = Release|Any CPU
	EndGlobalSection
	GlobalSection(SolutionProperties) = preSolution
		HideSolutionNode = FALSE
	EndGlobalSection
	GlobalSection(ExtensibilityGlobals) = postSolution
		SolutionGuid = {BE04BE78-4F10-4C3B-B288-96EF56F91548}
	EndGlobalSection
EndGlobal
